
Microsoft Visual Studio Solution File, Format Version 12.00
# Visual Studio Version 17
VisualStudioVersion = 17.9.34714.143
MinimumVisualStudioVersion = 10.0.40219.1
Project("{FAE04EC0-301F-11D3-BF4B-00C04F79EFBC}") = "Blazor.Seo.Friendly.FlickerFree", "Blazor.Seo.Friendly.FlickerFree\Blazor.Seo.Friendly.FlickerFree\Blazor.Seo.Friendly.FlickerFree.csproj", "{91969357-E7B3-4B5B-A571-65D7C3E36D53}"
EndProject
Project("{FAE04EC0-301F-11D3-BF4B-00C04F79EFBC}") = "Blazor.Seo.Friendly.FlickerFree.Client", "Blazor.Seo.Friendly.FlickerFree\Blazor.Seo.Friendly.FlickerFree.Client\Blazor.Seo.Friendly.FlickerFree.Client.csproj", "{6C7797D0-3D91-4EDE-8C0B-E747678F2663}"
EndProject
Global
	GlobalSection(SolutionConfigurationPlatforms) = preSolution
		Debug|Any CPU = Debug|Any CPU
		Release|Any CPU = Release|Any CPU
	EndGlobalSection
	GlobalSection(ProjectConfigurationPlatforms) = postSolution
		{91969357-E7B3-4B5B-A571-65D7C3E36D53}.Debug|Any CPU.ActiveCfg = Debug|Any CPU
		{91969357-E7B3-4B5B-A571-65D7C3E36D53}.Debug|Any CPU.Build.0 = Debug|Any CPU
		{91969357-E7B3-4B5B-A571-65D7C3E36D53}.Release|Any CPU.ActiveCfg = Release|Any CPU
		{91969357-E7B3-4B5B-A571-65D7C3E36D53}.Release|Any CPU.Build.0 = Release|Any CPU
		{6C7797D0-3D91-4EDE-8C0B-E747678F2663}.Debug|Any CPU.ActiveCfg = Debug|Any CPU
		{6C7797D0-3D91-4EDE-8C0B-E747678F2663}.Debug|Any CPU.Build.0 = Debug|Any CPU
		{6C7797D0-3D91-4EDE-8C0B-E747678F2663}.Release|Any CPU.ActiveCfg = Release|Any CPU
		{6C7797D0-3D91-4EDE-8C0B-E747678F2663}.Release|Any CPU.Build.0 = Release|Any CPU
	EndGlobalSection
	GlobalSection(SolutionProperties) = preSolution
		HideSolutionNode = FALSE
	EndGlobalSection
	GlobalSection(ExtensibilityGlobals) = postSolution
		SolutionGuid = {5842251B-15B9-417C-9ECB-45E5BD1FB8E8}
	EndGlobalSection
EndGlobal
